PODS:
  - Base64 (1.1.2)
  - boost (1.76.0)
  - Braintree (4.38.0):
    - Braintree/Card (= 4.38.0)
    - Braintree/Core (= 4.38.0)
    - Braintree/PayPal (= 4.38.0)
    - Braintree/UI (= 4.38.0)
  - Braintree/Card (4.38.0):
    - Braintree/Core
  - Braintree/Core (4.38.0)
  - Braintree/PayPal (4.38.0):
    - Braintree/Core
    - Braintree/PayPalOneTouch
  - Braintree/PayPalDataCollector (4.38.0):
    - Braintree/Core
    - Braintree/PayPalUtils
  - Braintree/PayPalOneTouch (4.38.0):
    - Braintree/Core
    - Braintree/PayPalDataCollector
    - Braintree/PayPalUtils
  - Braintree/PayPalUtils (4.38.0)
  - Braintree/UI (4.38.0):
    - Braintree/Card
    - Braintree/Core
  - BVLinearGradient (2.6.2):
    - React-Core
  - CodePush (7.1.0):
    - Base64 (~> 1.1)
    - JWT (~> 3.0.0-beta.12)
    - React-Core
    - SSZipArchive (~> 2.2.2)
  - DoubleConversion (1.1.6)
  - FBLazyVector (0.71.3)
  - FBReactNativeSpec (0.71.3):
    - RCT-Folly (= 2021.07.22.00)
    - RCTRequired (= 0.71.3)
    - RCTTypeSafety (= 0.71.3)
    - React-Core (= 0.71.3)
    - React-jsi (= 0.71.3)
    - ReactCommon/turbomodule/core (= 0.71.3)
  - fmt (6.2.1)
  - glog (0.3.5)
  - hermes-engine (0.71.3):
    - hermes-engine/Pre-built (= 0.71.3)
  - hermes-engine/Pre-built (0.71.3)
  - JCore (2.0.8):
    - React
  - JPush (2.9.7):
    - React
  - JWT (3.0.0-beta.14):
    - Base64 (~> 1.1.2)
  - libevent (2.1.12)
  - libwebp (1.2.4):
    - libwebp/demux (= 1.2.4)
    - libwebp/mux (= 1.2.4)
    - libwebp/webp (= 1.2.4)
  - libwebp/demux (1.2.4):
    - libwebp/webp
  - libwebp/mux (1.2.4):
    - libwebp/demux
  - libwebp/webp (1.2.4)
  - Permission-AppTrackingTransparency (3.7.3):
    - RNPermissions
  - Permission-BluetoothPeripheral (3.7.3):
    - RNPermissions
  - Permission-Calendars (3.7.3):
    - RNPermissions
  - Permission-Camera (3.7.3):
    - RNPermissions
  - Permission-Contacts (3.7.3):
    - RNPermissions
  - Permission-FaceID (3.7.3):
    - RNPermissions
  - Permission-LocationAccuracy (3.7.3):
    - RNPermissions
  - Permission-LocationAlways (3.7.3):
    - RNPermissions
  - Permission-LocationWhenInUse (3.7.3):
    - RNPermissions
  - Permission-MediaLibrary (3.7.3):
    - RNPermissions
  - Permission-Microphone (3.7.3):
    - RNPermissions
  - Permission-Motion (3.7.3):
    - RNPermissions
  - Permission-Notifications (3.7.3):
    - RNPermissions
  - Permission-PhotoLibrary (3.7.3):
    - RNPermissions
  - Permission-PhotoLibraryAddOnly (3.7.3):
    - RNPermissions
  - Permission-Reminders (3.7.3):
    - RNPermissions
  - Permission-Siri (3.7.3):
    - RNPermissions
  - Permission-SpeechRecognition (3.7.3):
    - RNPermissions
  - Permission-StoreKit (3.7.3):
    - RNPermissions
  - Picker (4.3.7):
    - Picker/Core (= 4.3.7)
  - Picker/Core (4.3.7):
    - React
  - RCT-Folly (2021.07.22.00):
    - boost
    - DoubleConversion
    - fmt (~> 6.2.1)
    - glog
    - RCT-Folly/Default (= 2021.07.22.00)
  - RCT-Folly/Default (2021.07.22.00):
    - boost
    - DoubleConversion
    - fmt (~> 6.2.1)
    - glog
  - RCT-Folly/Futures (2021.07.22.00):
    - boost
    - DoubleConversion
    - fmt (~> 6.2.1)
    - glog
    - libevent
  - RCTAlipay (1.2.2):
    - React
  - RCTRequired (0.71.3)
  - RCTTypeSafety (0.71.3):
    - FBLazyVector (= 0.71.3)
    - RCTRequired (= 0.71.3)
    - React-Core (= 0.71.3)
  - React (0.71.3):
    - React-Core (= 0.71.3)
    - React-Core/DevSupport (= 0.71.3)
    - React-Core/RCTWebSocket (= 0.71.3)
    - React-RCTActionSheet (= 0.71.3)
    - React-RCTAnimation (= 0.71.3)
    - React-RCTBlob (= 0.71.3)
    - React-RCTImage (= 0.71.3)
    - React-RCTLinking (= 0.71.3)
    - React-RCTNetwork (= 0.71.3)
    - React-RCTSettings (= 0.71.3)
    - React-RCTText (= 0.71.3)
    - React-RCTVibration (= 0.71.3)
  - React-callinvoker (0.71.3)
  - React-Codegen (0.71.3):
    - FBReactNativeSpec
    - hermes-engine
    - RCT-Folly
    - RCTRequired
    - RCTTypeSafety
    - React-Core
    - React-jsi
    - React-jsiexecutor
    - ReactCommon/turbomodule/bridging
    - ReactCommon/turbomodule/core
  - React-Core (0.71.3):
    - glog
    - hermes-engine
    - RCT-Folly (= 2021.07.22.00)
    - React-Core/Default (= 0.71.3)
    - React-cxxreact (= 0.71.3)
    - React-hermes
    - React-jsi (= 0.71.3)
    - React-jsiexecutor (= 0.71.3)
    - React-perflogger (= 0.71.3)
    - Yoga
  - React-Core/CoreModulesHeaders (0.71.3):
    - glog
    - hermes-engine
    - RCT-Folly (= 2021.07.22.00)
    - React-Core/Default
    - React-cxxreact (= 0.71.3)
    - React-hermes
    - React-jsi (= 0.71.3)
    - React-jsiexecutor (= 0.71.3)
    - React-perflogger (= 0.71.3)
    - Yoga
  - React-Core/Default (0.71.3):
    - glog
    - hermes-engine
    - RCT-Folly (= 2021.07.22.00)
    - React-cxxreact (= 0.71.3)
    - React-hermes
    - React-jsi (= 0.71.3)
    - React-jsiexecutor (= 0.71.3)
    - React-perflogger (= 0.71.3)
    - Yoga
  - React-Core/DevSupport (0.71.3):
    - glog
    - hermes-engine
    - RCT-Folly (= 2021.07.22.00)
    - React-Core/Default (= 0.71.3)
    - React-Core/RCTWebSocket (= 0.71.3)
    - React-cxxreact (= 0.71.3)
    - React-hermes
    - React-jsi (= 0.71.3)
    - React-jsiexecutor (= 0.71.3)
    - React-jsinspector (= 0.71.3)
    - React-perflogger (= 0.71.3)
    - Yoga
  - React-Core/RCTActionSheetHeaders (0.71.3):
    - glog
    - hermes-engine
    - RCT-Folly (= 2021.07.22.00)
    - React-Core/Default
    - React-cxxreact (= 0.71.3)
    - React-hermes
    - React-jsi (= 0.71.3)
    - React-jsiexecutor (= 0.71.3)
    - React-perflogger (= 0.71.3)
    - Yoga
  - React-Core/RCTAnimationHeaders (0.71.3):
    - glog
    - hermes-engine
    - RCT-Folly (= 2021.07.22.00)
    - React-Core/Default
    - React-cxxreact (= 0.71.3)
    - React-hermes
    - React-jsi (= 0.71.3)
    - React-jsiexecutor (= 0.71.3)
    - React-perflogger (= 0.71.3)
    - Yoga
  - React-Core/RCTBlobHeaders (0.71.3):
    - glog
    - hermes-engine
    - RCT-Folly (= 2021.07.22.00)
    - React-Core/Default
    - React-cxxreact (= 0.71.3)
    - React-hermes
    - React-jsi (= 0.71.3)
    - React-jsiexecutor (= 0.71.3)
    - React-perflogger (= 0.71.3)
    - Yoga
  - React-Core/RCTImageHeaders (0.71.3):
    - glog
    - hermes-engine
    - RCT-Folly (= 2021.07.22.00)
    - React-Core/Default
    - React-cxxreact (= 0.71.3)
    - React-hermes
    - React-jsi (= 0.71.3)
    - React-jsiexecutor (= 0.71.3)
    - React-perflogger (= 0.71.3)
    - Yoga
  - React-Core/RCTLinkingHeaders (0.71.3):
    - glog
    - hermes-engine
    - RCT-Folly (= 2021.07.22.00)
    - React-Core/Default
    - React-cxxreact (= 0.71.3)
    - React-hermes
    - React-jsi (= 0.71.3)
    - React-jsiexecutor (= 0.71.3)
    - React-perflogger (= 0.71.3)
    - Yoga
  - React-Core/RCTNetworkHeaders (0.71.3):
    - glog
    - hermes-engine
    - RCT-Folly (= 2021.07.22.00)
    - React-Core/Default
    - React-cxxreact (= 0.71.3)
    - React-hermes
    - React-jsi (= 0.71.3)
    - React-jsiexecutor (= 0.71.3)
    - React-perflogger (= 0.71.3)
    - Yoga
  - React-Core/RCTSettingsHeaders (0.71.3):
    - glog
    - hermes-engine
    - RCT-Folly (= 2021.07.22.00)
    - React-Core/Default
    - React-cxxreact (= 0.71.3)
    - React-hermes
    - React-jsi (= 0.71.3)
    - React-jsiexecutor (= 0.71.3)
    - React-perflogger (= 0.71.3)
    - Yoga
  - React-Core/RCTTextHeaders (0.71.3):
    - glog
    - hermes-engine
    - RCT-Folly (= 2021.07.22.00)
    - React-Core/Default
    - React-cxxreact (= 0.71.3)
    - React-hermes
    - React-jsi (= 0.71.3)
    - React-jsiexecutor (= 0.71.3)
    - React-perflogger (= 0.71.3)
    - Yoga
  - React-Core/RCTVibrationHeaders (0.71.3):
    - glog
    - hermes-engine
    - RCT-Folly (= 2021.07.22.00)
    - React-Core/Default
    - React-cxxreact (= 0.71.3)
    - React-hermes
    - React-jsi (= 0.71.3)
    - React-jsiexecutor (= 0.71.3)
    - React-perflogger (= 0.71.3)
    - Yoga
  - React-Core/RCTWebSocket (0.71.3):
    - glog
    - hermes-engine
    - RCT-Folly (= 2021.07.22.00)
    - React-Core/Default (= 0.71.3)
    - React-cxxreact (= 0.71.3)
    - React-hermes
    - React-jsi (= 0.71.3)
    - React-jsiexecutor (= 0.71.3)
    - React-perflogger (= 0.71.3)
    - Yoga
  - React-CoreModules (0.71.3):
    - RCT-Folly (= 2021.07.22.00)
    - RCTTypeSafety (= 0.71.3)
    - React-Codegen (= 0.71.3)
    - React-Core/CoreModulesHeaders (= 0.71.3)
    - React-jsi (= 0.71.3)
    - React-RCTBlob
    - React-RCTImage (= 0.71.3)
    - ReactCommon/turbomodule/core (= 0.71.3)
  - React-cxxreact (0.71.3):
    - boost (= 1.76.0)
    - DoubleConversion
    - glog
    - hermes-engine
    - RCT-Folly (= 2021.07.22.00)
    - React-callinvoker (= 0.71.3)
    - React-jsi (= 0.71.3)
    - React-jsinspector (= 0.71.3)
    - React-logger (= 0.71.3)
    - React-perflogger (= 0.71.3)
    - React-runtimeexecutor (= 0.71.3)
  - React-hermes (0.71.3):
    - DoubleConversion
    - glog
    - hermes-engine
    - RCT-Folly (= 2021.07.22.00)
    - RCT-Folly/Futures (= 2021.07.22.00)
    - React-cxxreact (= 0.71.3)
    - React-jsi
    - React-jsiexecutor (= 0.71.3)
    - React-jsinspector (= 0.71.3)
    - React-perflogger (= 0.71.3)
  - React-jsi (0.71.3):
    - boost (= 1.76.0)
    - DoubleConversion
    - glog
    - hermes-engine
    - RCT-Folly (= 2021.07.22.00)
  - React-jsiexecutor (0.71.3):
    - DoubleConversion
    - glog
    - hermes-engine
    - RCT-Folly (= 2021.07.22.00)
    - React-cxxreact (= 0.71.3)
    - React-jsi (= 0.71.3)
    - React-perflogger (= 0.71.3)
  - React-jsinspector (0.71.3)
  - React-logger (0.71.3):
    - glog
  - react-native-geolocation (3.0.5):
    - React-Core
  - react-native-image-picker (5.1.0):
    - React-Core
  - react-native-netinfo (9.3.7):
    - React-Core
  - react-native-payments (0.8.4):
    - Braintree (~> 4)
    - React
    - Stripe (~> 19)
  - react-native-safe-area-context (4.5.0):
    - RCT-Folly
    - RCTRequired
    - RCTTypeSafety
    - React-Core
    - ReactCommon/turbomodule/core
  - react-native-viewpager (5.0.11):
    - React-Core
  - react-native-webview (11.26.1):
    - React-Core
  - react-native-wechat-lib (3.0.4):
    - React-Core
  - React-perflogger (0.71.3)
  - React-RCTActionSheet (0.71.3):
    - React-Core/RCTActionSheetHeaders (= 0.71.3)
  - React-RCTAnimation (0.71.3):
    - RCT-Folly (= 2021.07.22.00)
    - RCTTypeSafety (= 0.71.3)
    - React-Codegen (= 0.71.3)
    - React-Core/RCTAnimationHeaders (= 0.71.3)
    - React-jsi (= 0.71.3)
    - ReactCommon/turbomodule/core (= 0.71.3)
  - React-RCTAppDelegate (0.71.3):
    - RCT-Folly
    - RCTRequired
    - RCTTypeSafety
    - React-Core
    - ReactCommon/turbomodule/core
  - React-RCTBlob (0.71.3):
    - hermes-engine
    - RCT-Folly (= 2021.07.22.00)
    - React-Codegen (= 0.71.3)
    - React-Core/RCTBlobHeaders (= 0.71.3)
    - React-Core/RCTWebSocket (= 0.71.3)
    - React-jsi (= 0.71.3)
    - React-RCTNetwork (= 0.71.3)
    - ReactCommon/turbomodule/core (= 0.71.3)
  - React-RCTImage (0.71.3):
    - RCT-Folly (= 2021.07.22.00)
    - RCTTypeSafety (= 0.71.3)
    - React-Codegen (= 0.71.3)
    - React-Core/RCTImageHeaders (= 0.71.3)
    - React-jsi (= 0.71.3)
    - React-RCTNetwork (= 0.71.3)
    - ReactCommon/turbomodule/core (= 0.71.3)
  - React-RCTLinking (0.71.3):
    - React-Codegen (= 0.71.3)
    - React-Core/RCTLinkingHeaders (= 0.71.3)
    - React-jsi (= 0.71.3)
    - ReactCommon/turbomodule/core (= 0.71.3)
  - React-RCTNetwork (0.71.3):
    - RCT-Folly (= 2021.07.22.00)
    - RCTTypeSafety (= 0.71.3)
    - React-Codegen (= 0.71.3)
    - React-Core/RCTNetworkHeaders (= 0.71.3)
    - React-jsi (= 0.71.3)
    - ReactCommon/turbomodule/core (= 0.71.3)
  - React-RCTSettings (0.71.3):
    - RCT-Folly (= 2021.07.22.00)
    - RCTTypeSafety (= 0.71.3)
    - React-Codegen (= 0.71.3)
    - React-Core/RCTSettingsHeaders (= 0.71.3)
    - React-jsi (= 0.71.3)
    - ReactCommon/turbomodule/core (= 0.71.3)
  - React-RCTText (0.71.3):
    - React-Core/RCTTextHeaders (= 0.71.3)
  - React-RCTVibration (0.71.3):
    - RCT-Folly (= 2021.07.22.00)
    - React-Codegen (= 0.71.3)
    - React-Core/RCTVibrationHeaders (= 0.71.3)
    - React-jsi (= 0.71.3)
    - ReactCommon/turbomodule/core (= 0.71.3)
  - React-runtimeexecutor (0.71.3):
    - React-jsi (= 0.71.3)
  - ReactCommon/turbomodule/bridging (0.71.3):
    - DoubleConversion
    - glog
    - hermes-engine
    - RCT-Folly (= 2021.07.22.00)
    - React-callinvoker (= 0.71.3)
    - React-Core (= 0.71.3)
    - React-cxxreact (= 0.71.3)
    - React-jsi (= 0.71.3)
    - React-logger (= 0.71.3)
    - React-perflogger (= 0.71.3)
  - ReactCommon/turbomodule/core (0.71.3):
    - DoubleConversion
    - glog
    - hermes-engine
    - RCT-Folly (= 2021.07.22.00)
    - React-callinvoker (= 0.71.3)
    - React-Core (= 0.71.3)
    - React-cxxreact (= 0.71.3)
    - React-jsi (= 0.71.3)
    - React-logger (= 0.71.3)
    - React-perflogger (= 0.71.3)
  - rn-fetch-blob (0.13.0-beta-1):
    - React-Core
  - RNAppleAuthentication (2.2.2):
    - React-Core
  - RNCAsyncStorage (1.17.11):
    - React-Core
  - RNCClipboard (1.11.2):
    - React-Core
  - RNCMaskedView (0.1.11):
    - React
  - RNCPicker (2.4.8):
    - React-Core
  - RNDateTimePicker (6.7.5):
    - React-Core
  - RNFastImage (8.6.3):
    - React-Core
    - SDWebImage (~> 5.11.1)
    - SDWebImageWebPCoder (~> 0.8.4)
  - RNGestureHandler (2.9.0):
    - React-Core
  - RNImageCropPicker (0.39.0):
    - React-Core
    - React-RCTImage
    - RNImageCropPicker/QBImagePickerController (= 0.39.0)
    - TOCropViewController
  - RNImageCropPicker/QBImagePickerController (0.39.0):
    - React-Core
    - React-RCTImage
    - TOCropViewController
  - RNPermissions (3.7.3):
    - React-Core
  - RNScreens (3.20.0):
    - React-Core
    - React-RCTImage
  - RNVectorIcons (9.2.0):
    - React-Core
  - SDWebImage (5.11.1):
    - SDWebImage/Core (= 5.11.1)
  - SDWebImage/Core (5.11.1)
  - SDWebImageWebPCoder (0.8.5):
    - libwebp (~> 1.0)
    - SDWebImage/Core (~> 5.10)
  - SSZipArchive (2.2.3)
  - Stripe (19.4.1)
  - TOCropViewController (2.6.1)
  - Yoga (1.14.0)

DEPENDENCIES:
  - boost (from `../node_modules/react-native/third-party-podspecs/boost.podspec`)
  - BVLinearGradient (from `../node_modules/react-native-linear-gradient`)
  - CodePush (from `../node_modules/react-native-code-push`)
  - DoubleConversion (from `../node_modules/react-native/third-party-podspecs/DoubleConversion.podspec`)
  - FBLazyVector (from `../node_modules/react-native/Libraries/FBLazyVector`)
  - FBReactNativeSpec (from `../node_modules/react-native/React/FBReactNativeSpec`)
  - glog (from `../node_modules/react-native/third-party-podspecs/glog.podspec`)
  - hermes-engine (from `../node_modules/react-native/sdks/hermes-engine/hermes-engine.podspec`)
  - JCore (from `../node_modules/jcore-react-native`)
  - JPush (from `../node_modules/jpush-react-native`)
  - libevent (~> 2.1.12)
  - Permission-AppTrackingTransparency (from `../node_modules/react-native-permissions/ios/AppTrackingTransparency`)
  - Permission-BluetoothPeripheral (from `../node_modules/react-native-permissions/ios/BluetoothPeripheral`)
  - Permission-Calendars (from `../node_modules/react-native-permissions/ios/Calendars`)
  - Permission-Camera (from `../node_modules/react-native-permissions/ios/Camera`)
  - Permission-Contacts (from `../node_modules/react-native-permissions/ios/Contacts`)
  - Permission-FaceID (from `../node_modules/react-native-permissions/ios/FaceID`)
  - Permission-LocationAccuracy (from `../node_modules/react-native-permissions/ios/LocationAccuracy`)
  - Permission-LocationAlways (from `../node_modules/react-native-permissions/ios/LocationAlways`)
  - Permission-LocationWhenInUse (from `../node_modules/react-native-permissions/ios/LocationWhenInUse`)
  - Permission-MediaLibrary (from `../node_modules/react-native-permissions/ios/MediaLibrary`)
  - Permission-Microphone (from `../node_modules/react-native-permissions/ios/Microphone`)
  - Permission-Motion (from `../node_modules/react-native-permissions/ios/Motion`)
  - Permission-Notifications (from `../node_modules/react-native-permissions/ios/Notifications`)
  - Permission-PhotoLibrary (from `../node_modules/react-native-permissions/ios/PhotoLibrary`)
  - Permission-PhotoLibraryAddOnly (from `../node_modules/react-native-permissions/ios/PhotoLibraryAddOnly`)
  - Permission-Reminders (from `../node_modules/react-native-permissions/ios/Reminders`)
  - Permission-Siri (from `../node_modules/react-native-permissions/ios/Siri`)
  - Permission-SpeechRecognition (from `../node_modules/react-native-permissions/ios/SpeechRecognition`)
  - Permission-StoreKit (from `../node_modules/react-native-permissions/ios/StoreKit`)
  - Picker (from `../node_modules/react-native-picker`)
  - RCT-Folly (from `../node_modules/react-native/third-party-podspecs/RCT-Folly.podspec`)
  - RCTAlipay (from `../node_modules/react-native-gzdsx-alipay`)
  - RCTRequired (from `../node_modules/react-native/Libraries/RCTRequired`)
  - RCTTypeSafety (from `../node_modules/react-native/Libraries/TypeSafety`)
  - React (from `../node_modules/react-native/`)
  - React-callinvoker (from `../node_modules/react-native/ReactCommon/callinvoker`)
  - React-Codegen (from `build/generated/ios`)
  - React-Core (from `../node_modules/react-native/`)
  - React-Core/RCTWebSocket (from `../node_modules/react-native/`)
  - React-CoreModules (from `../node_modules/react-native/React/CoreModules`)
  - React-cxxreact (from `../node_modules/react-native/ReactCommon/cxxreact`)
  - React-hermes (from `../node_modules/react-native/ReactCommon/hermes`)
  - React-jsi (from `../node_modules/react-native/ReactCommon/jsi`)
  - React-jsiexecutor (from `../node_modules/react-native/ReactCommon/jsiexecutor`)
  - React-jsinspector (from `../node_modules/react-native/ReactCommon/jsinspector`)
  - React-logger (from `../node_modules/react-native/ReactCommon/logger`)
  - "react-native-geolocation (from `../node_modules/@react-native-community/geolocation`)"
  - react-native-image-picker (from `../node_modules/react-native-image-picker`)
  - "react-native-netinfo (from `../node_modules/@react-native-community/netinfo`)"
  - react-native-payments (from `../node_modules/react-native-payments`)
  - react-native-safe-area-context (from `../node_modules/react-native-safe-area-context`)
  - "react-native-viewpager (from `../node_modules/@react-native-community/viewpager`)"
  - react-native-webview (from `../node_modules/react-native-webview`)
  - react-native-wechat-lib (from `../node_modules/react-native-wechat-lib`)
  - React-perflogger (from `../node_modules/react-native/ReactCommon/reactperflogger`)
  - React-RCTActionSheet (from `../node_modules/react-native/Libraries/ActionSheetIOS`)
  - React-RCTAnimation (from `../node_modules/react-native/Libraries/NativeAnimation`)
  - React-RCTAppDelegate (from `../node_modules/react-native/Libraries/AppDelegate`)
  - React-RCTBlob (from `../node_modules/react-native/Libraries/Blob`)
  - React-RCTImage (from `../node_modules/react-native/Libraries/Image`)
  - React-RCTLinking (from `../node_modules/react-native/Libraries/LinkingIOS`)
  - React-RCTNetwork (from `../node_modules/react-native/Libraries/Network`)
  - React-RCTSettings (from `../node_modules/react-native/Libraries/Settings`)
  - React-RCTText (from `../node_modules/react-native/Libraries/Text`)
  - React-RCTVibration (from `../node_modules/react-native/Libraries/Vibration`)
  - React-runtimeexecutor (from `../node_modules/react-native/ReactCommon/runtimeexecutor`)
  - ReactCommon/turbomodule/core (from `../node_modules/react-native/ReactCommon`)
  - rn-fetch-blob (from `../node_modules/rn-fetch-blob`)
  - "RNAppleAuthentication (from `../node_modules/@invertase/react-native-apple-authentication`)"
  - "RNCAsyncStorage (from `../node_modules/@react-native-async-storage/async-storage`)"
  - "RNCClipboard (from `../node_modules/@react-native-clipboard/clipboard`)"
  - "RNCMaskedView (from `../node_modules/@react-native-community/masked-view`)"
  - "RNCPicker (from `../node_modules/@react-native-picker/picker`)"
  - "RNDateTimePicker (from `../node_modules/@react-native-community/datetimepicker`)"
  - RNFastImage (from `../node_modules/react-native-fast-image`)
  - RNGestureHandler (from `../node_modules/react-native-gesture-handler`)
  - RNImageCropPicker (from `../node_modules/react-native-image-crop-picker`)
  - RNPermissions (from `../node_modules/react-native-permissions`)
  - RNScreens (from `../node_modules/react-native-screens`)
  - RNVectorIcons (from `../node_modules/react-native-vector-icons`)
  - Yoga (from `../node_modules/react-native/ReactCommon/yoga`)

SPEC REPOS:
  trunk:
    - Base64
    - Braintree
    - fmt
    - JWT
    - libevent
    - libwebp
    - SDWebImage
    - SDWebImageWebPCoder
    - SSZipArchive
    - Stripe
    - TOCropViewController

EXTERNAL SOURCES:
  boost:
    :podspec: "../node_modules/react-native/third-party-podspecs/boost.podspec"
  BVLinearGradient:
    :path: "../node_modules/react-native-linear-gradient"
  CodePush:
    :path: "../node_modules/react-native-code-push"
  DoubleConversion:
    :podspec: "../node_modules/react-native/third-party-podspecs/DoubleConversion.podspec"
  FBLazyVector:
    :path: "../node_modules/react-native/Libraries/FBLazyVector"
  FBReactNativeSpec:
    :path: "../node_modules/react-native/React/FBReactNativeSpec"
  glog:
    :podspec: "../node_modules/react-native/third-party-podspecs/glog.podspec"
  hermes-engine:
    :podspec: "../node_modules/react-native/sdks/hermes-engine/hermes-engine.podspec"
  JCore:
    :path: "../node_modules/jcore-react-native"
  JPush:
    :path: "../node_modules/jpush-react-native"
  Permission-AppTrackingTransparency:
    :path: "../node_modules/react-native-permissions/ios/AppTrackingTransparency"
  Permission-BluetoothPeripheral:
    :path: "../node_modules/react-native-permissions/ios/BluetoothPeripheral"
  Permission-Calendars:
    :path: "../node_modules/react-native-permissions/ios/Calendars"
  Permission-Camera:
    :path: "../node_modules/react-native-permissions/ios/Camera"
  Permission-Contacts:
    :path: "../node_modules/react-native-permissions/ios/Contacts"
  Permission-FaceID:
    :path: "../node_modules/react-native-permissions/ios/FaceID"
  Permission-LocationAccuracy:
    :path: "../node_modules/react-native-permissions/ios/LocationAccuracy"
  Permission-LocationAlways:
    :path: "../node_modules/react-native-permissions/ios/LocationAlways"
  Permission-LocationWhenInUse:
    :path: "../node_modules/react-native-permissions/ios/LocationWhenInUse"
  Permission-MediaLibrary:
    :path: "../node_modules/react-native-permissions/ios/MediaLibrary"
  Permission-Microphone:
    :path: "../node_modules/react-native-permissions/ios/Microphone"
  Permission-Motion:
    :path: "../node_modules/react-native-permissions/ios/Motion"
  Permission-Notifications:
    :path: "../node_modules/react-native-permissions/ios/Notifications"
  Permission-PhotoLibrary:
    :path: "../node_modules/react-native-permissions/ios/PhotoLibrary"
  Permission-PhotoLibraryAddOnly:
    :path: "../node_modules/react-native-permissions/ios/PhotoLibraryAddOnly"
  Permission-Reminders:
    :path: "../node_modules/react-native-permissions/ios/Reminders"
  Permission-Siri:
    :path: "../node_modules/react-native-permissions/ios/Siri"
  Permission-SpeechRecognition:
    :path: "../node_modules/react-native-permissions/ios/SpeechRecognition"
  Permission-StoreKit:
    :path: "../node_modules/react-native-permissions/ios/StoreKit"
  Picker:
    :path: "../node_modules/react-native-picker"
  RCT-Folly:
    :podspec: "../node_modules/react-native/third-party-podspecs/RCT-Folly.podspec"
  RCTAlipay:
    :path: "../node_modules/react-native-gzdsx-alipay"
  RCTRequired:
    :path: "../node_modules/react-native/Libraries/RCTRequired"
  RCTTypeSafety:
    :path: "../node_modules/react-native/Libraries/TypeSafety"
  React:
    :path: "../node_modules/react-native/"
  React-callinvoker:
    :path: "../node_modules/react-native/ReactCommon/callinvoker"
  React-Codegen:
    :path: build/generated/ios
  React-Core:
    :path: "../node_modules/react-native/"
  React-CoreModules:
    :path: "../node_modules/react-native/React/CoreModules"
  React-cxxreact:
    :path: "../node_modules/react-native/ReactCommon/cxxreact"
  React-hermes:
    :path: "../node_modules/react-native/ReactCommon/hermes"
  React-jsi:
    :path: "../node_modules/react-native/ReactCommon/jsi"
  React-jsiexecutor:
    :path: "../node_modules/react-native/ReactCommon/jsiexecutor"
  React-jsinspector:
    :path: "../node_modules/react-native/ReactCommon/jsinspector"
  React-logger:
    :path: "../node_modules/react-native/ReactCommon/logger"
  react-native-geolocation:
    :path: "../node_modules/@react-native-community/geolocation"
  react-native-image-picker:
    :path: "../node_modules/react-native-image-picker"
  react-native-netinfo:
    :path: "../node_modules/@react-native-community/netinfo"
  react-native-payments:
    :path: "../node_modules/react-native-payments"
  react-native-safe-area-context:
    :path: "../node_modules/react-native-safe-area-context"
  react-native-viewpager:
    :path: "../node_modules/@react-native-community/viewpager"
  react-native-webview:
    :path: "../node_modules/react-native-webview"
  react-native-wechat-lib:
    :path: "../node_modules/react-native-wechat-lib"
  React-perflogger:
    :path: "../node_modules/react-native/ReactCommon/reactperflogger"
  React-RCTActionSheet:
    :path: "../node_modules/react-native/Libraries/ActionSheetIOS"
  React-RCTAnimation:
    :path: "../node_modules/react-native/Libraries/NativeAnimation"
  React-RCTAppDelegate:
    :path: "../node_modules/react-native/Libraries/AppDelegate"
  React-RCTBlob:
    :path: "../node_modules/react-native/Libraries/Blob"
  React-RCTImage:
    :path: "../node_modules/react-native/Libraries/Image"
  React-RCTLinking:
    :path: "../node_modules/react-native/Libraries/LinkingIOS"
  React-RCTNetwork:
    :path: "../node_modules/react-native/Libraries/Network"
  React-RCTSettings:
    :path: "../node_modules/react-native/Libraries/Settings"
  React-RCTText:
    :path: "../node_modules/react-native/Libraries/Text"
  React-RCTVibration:
    :path: "../node_modules/react-native/Libraries/Vibration"
  React-runtimeexecutor:
    :path: "../node_modules/react-native/ReactCommon/runtimeexecutor"
  ReactCommon:
    :path: "../node_modules/react-native/ReactCommon"
  rn-fetch-blob:
    :path: "../node_modules/rn-fetch-blob"
  RNAppleAuthentication:
    :path: "../node_modules/@invertase/react-native-apple-authentication"
  RNCAsyncStorage:
    :path: "../node_modules/@react-native-async-storage/async-storage"
  RNCClipboard:
    :path: "../node_modules/@react-native-clipboard/clipboard"
  RNCMaskedView:
    :path: "../node_modules/@react-native-community/masked-view"
  RNCPicker:
    :path: "../node_modules/@react-native-picker/picker"
  RNDateTimePicker:
    :path: "../node_modules/@react-native-community/datetimepicker"
  RNFastImage:
    :path: "../node_modules/react-native-fast-image"
  RNGestureHandler:
    :path: "../node_modules/react-native-gesture-handler"
  RNImageCropPicker:
    :path: "../node_modules/react-native-image-crop-picker"
  RNPermissions:
    :path: "../node_modules/react-native-permissions"
  RNScreens:
    :path: "../node_modules/react-native-screens"
  RNVectorIcons:
    :path: "../node_modules/react-native-vector-icons"
  Yoga:
    :path: "../node_modules/react-native/ReactCommon/yoga"

SPEC CHECKSUMS:
  Base64: cecfb41a004124895a7bcee567a89bae5a89d49b
  boost: 57d2868c099736d80fcd648bf211b4431e51a558
  Braintree: 78a33deb6f6ec617c2c4891fbe352854358b3a8d
  BVLinearGradient: 34a999fda29036898a09c6a6b728b0b4189e1a44
  CodePush: dce1b253fde81078249ea9cd4b948e4ac7b761a9
  DoubleConversion: 5189b271737e1565bdce30deb4a08d647e3f5f54
  FBLazyVector: 60195509584153283780abdac5569feffb8f08cc
  FBReactNativeSpec: 9c191fb58d06dc05ab5559a5505fc32139e9e4a2
  fmt: ff9d55029c625d3757ed641535fd4a75fedc7ce9
  glog: 04b94705f318337d7ead9e6d17c019bd9b1f6b1b
  hermes-engine: 38bfe887e456b33b697187570a08de33969f5db7
  JCore: 1c83b0cb262dcc98dbe5b141cd08a81e1075d393
  JPush: bf1560d7c9e645605eefc99ede8b31f7287c0a7f
  JWT: ef71dfb03e1f842081e64dc42eef0e164f35d251
  libevent: 4049cae6c81cdb3654a443be001fb9bdceff7913
  libwebp: f62cb61d0a484ba548448a4bd52aabf150ff6eef
  Permission-AppTrackingTransparency: 5abf04ed7edda9ad48ebb408d2cae9ad5b1469f7
  Permission-BluetoothPeripheral: a5c0a5bbe7a741460605983579f78a0a9203d9f7
  Permission-Calendars: bd2e5106e3a6570db7dffbd5507cb5e26cf27e9e
  Permission-Camera: c0ef0e1f3ff6796f89cdbc3628f405f1b7c381d5
  Permission-Contacts: bc804700c854054920d7ed3174f143800dfba079
  Permission-FaceID: 188454c5fce3b58fac79b68ccca8941b2942e018
  Permission-LocationAccuracy: bddbbd2b2feb71cbd2b5ab9f908aff4d4e2b7770
  Permission-LocationAlways: f686a41ffa8cbdf302a3160375e332fb448453ef
  Permission-LocationWhenInUse: 65399f1f4b7f495ae3cdcf5a887ae9882edc1e80
  Permission-MediaLibrary: a6ffe51922cc78b9b1696913f56c5bc74bcd7d9b
  Permission-Microphone: d5e2e1117651b7985620068715ceba6a6f047ff5
  Permission-Motion: d7df389b2a577cdaac9666c3724afef96979c3f8
  Permission-Notifications: 634153e2a17bb90df095b0ffa8f28743d7e490d4
  Permission-PhotoLibrary: f5a999c06d7b904322d38790e3d7d8fa25b372fe
  Permission-PhotoLibraryAddOnly: 7fccbec4964f46ec2ce6bcc91145883a37177e52
  Permission-Reminders: 753880765c42867078517d551aff41030edf7403
  Permission-Siri: dbbd5bc53f0e6604d07cc4ba8f75a15d92355c7c
  Permission-SpeechRecognition: 1d206cf469a621e9e89fd03e5edc36802e5ad8a0
  Permission-StoreKit: 8e6fe0fafbfdc561a4413abe8b01c15dc517df3f
  Picker: 37554355aef82a532ea95b71b6eeba66bc86182b
  RCT-Folly: 424b8c9a7a0b9ab2886ffe9c3b041ef628fd4fb1
  RCTAlipay: 3d8f20178d46a9d1de7ad03eab0c9c432f47a6f4
  RCTRequired: bec48f07daf7bcdc2655a0cde84e07d24d2a9e2a
  RCTTypeSafety: 171394eebacf71e1cfad79dbfae7ee8fc16ca80a
  React: d7433ccb6a8c36e4cbed59a73c0700fc83c3e98a
  React-callinvoker: 15f165009bd22ae829b2b600e50bcc98076ce4b8
  React-Codegen: b5910000eaf1e0c2f47d29be6f82f5f1264420d7
  React-Core: b6f2f78d580a90b83fd7b0d1c6911c799f6eac82
  React-CoreModules: e0cbc1a4f4f3f60e23c476fef7ab37be363ea8c1
  React-cxxreact: c87f3f124b2117d00d410b35f16c2257e25e50fa
  React-hermes: c64ca6bdf16a7069773103c9bedaf30ec90ab38f
  React-jsi: 39729361645568e238081b3b3180fbad803f25a4
  React-jsiexecutor: 515b703d23ffadeac7687bc2d12fb08b90f0aaa1
  React-jsinspector: 9f7c9137605e72ca0343db4cea88006cb94856dd
  React-logger: 957e5dc96d9dbffc6e0f15e0ee4d2b42829ff207
  react-native-geolocation: 7383cbe9fa75b168bbbe40b566070fd0b44d30d6
  react-native-image-picker: c33d4e79f0a14a2b66e5065e14946ae63749660b
  react-native-netinfo: 2517ad504b3d303e90d7a431b0fcaef76d207983
  react-native-payments: 0cb00209f3b25a72d5b614554abf688e2cc53002
  react-native-safe-area-context: 39c2d8be3328df5d437ac1700f4f3a4f75716acc
  react-native-viewpager: b99b53127d830885917ef84809c5065edd614a78
  react-native-webview: 9f111dfbcfc826084d6c507f569e5e03342ee1c1
  react-native-wechat-lib: 2aee4950372b8feb89489bcdb936079429fe58ac
  React-perflogger: af8a3d31546077f42d729b949925cc4549f14def
  React-RCTActionSheet: 57cc5adfefbaaf0aae2cf7e10bccd746f2903673
  React-RCTAnimation: 11c61e94da700c4dc915cf134513764d87fc5e2b
  React-RCTAppDelegate: c3980adeaadcfd6cb495532e928b36ac6db3c14a
  React-RCTBlob: ccc5049d742b41971141415ca86b83b201495695
  React-RCTImage: 7a9226b0944f1e76e8e01e35a9245c2477cdbabb
  React-RCTLinking: bbe8cc582046a9c04f79c235b73c93700263e8b4
  React-RCTNetwork: fc2ca322159dc54e06508d4f5c3e934da63dc013
  React-RCTSettings: f1e9db2cdf946426d3f2b210e4ff4ce0f0d842ef
  React-RCTText: 1c41dd57e5d742b1396b4eeb251851ce7ff0fca1
  React-RCTVibration: 5199a180d04873366a83855de55ac33ce60fe4d5
  React-runtimeexecutor: 7bf0dafc7b727d93c8cb94eb00a9d3753c446c3e
  ReactCommon: 6f65ea5b7d84deb9e386f670dd11ce499ded7b40
  rn-fetch-blob: d73918b20e0a0f52820d098588d5220949ffae6d
  RNAppleAuthentication: 0571c08da8c327ae2afc0261b48b4a515b0286a6
  RNCAsyncStorage: 8616bd5a58af409453ea4e1b246521bb76578d60
  RNCClipboard: 3f0451a8100393908bea5c5c5b16f96d45f30bfc
  RNCMaskedView: 0e1bc4bfa8365eba5fbbb71e07fbdc0555249489
  RNCPicker: 0bf8ef8f7800524f32d2bb2a8bcadd53eda0ecd1
  RNDateTimePicker: 65e1d202799460b286ff5e741d8baf54695e8abd
  RNFastImage: 5c9c9fed9c076e521b3f509fe79e790418a544e8
  RNGestureHandler: 071d7a9ad81e8b83fe7663b303d132406a7d8f39
  RNImageCropPicker: 14fe1c29298fb4018f3186f455c475ab107da332
  RNPermissions: 314155ed6ce65237e7bd9fb6239219cce83228d3
  RNScreens: 218801c16a2782546d30bd2026bb625c0302d70f
  RNVectorIcons: fcc2f6cb32f5735b586e66d14103a74ce6ad61f8
  SDWebImage: a7f831e1a65eb5e285e3fb046a23fcfbf08e696d
  SDWebImageWebPCoder: 908b83b6adda48effe7667cd2b7f78c897e5111d
  SSZipArchive: 62d4947b08730e4cda640473b0066d209ff033c9
  Stripe: 5914399ac5878056b985d56b409cb4bb1e7fc7e8
  TOCropViewController: edfd4f25713d56905ad1e0b9f5be3fbe0f59c863
  Yoga: 5ed1699acbba8863755998a4245daa200ff3817b

PODFILE CHECKSUM: c0a4c3d7ea00886d410ca19bafcb32b0095e1709

COCOAPODS: 1.11.3
